
Microsoft Visual Studio Solution File, Format Version 12.00
# Visual Studio Version 17
VisualStudioVersion = 17.9.34714.143
MinimumVisualStudioVersion = 10.0.40219.1
Project("{FAE04EC0-301F-11D3-BF4B-00C04F79EFBC}") = "08-Herencia", "08-Herencia.csproj", "{C804C7EA-EC8C-4F35-BA8E-1AC28DDA5F43}"
EndProject
Global
	GlobalSection(SolutionConfigurationPlatforms) = preSolution
		Debug|Any CPU = Debug|Any CPU
		Release|Any CPU = Release|Any CPU
	EndGlobalSection
	GlobalSection(ProjectConfigurationPlatforms) = postSolution
		{C804C7EA-EC8C-4F35-BA8E-1AC28DDA5F43}.Debug|Any CPU.ActiveCfg = Debug|Any CPU
		{C804C7EA-EC8C-4F35-BA8E-1AC28DDA5F43}.Debug|Any CPU.Build.0 = Debug|Any CPU
		{C804C7EA-EC8C-4F35-BA8E-1AC28DDA5F43}.Release|Any CPU.ActiveCfg = Release|Any CPU
		{C804C7EA-EC8C-4F35-BA8E-1AC28DDA5F43}.Release|Any CPU.Build.0 = Release|Any CPU
	EndGlobalSection
	GlobalSection(SolutionProperties) = preSolution
		HideSolutionNode = FALSE
	EndGlobalSection
	GlobalSection(ExtensibilityGlobals) = postSolution
		SolutionGuid = {64122259-832A-4528-A75A-5AE9932C0CC3}
	EndGlobalSection
EndGlobal
