
Microsoft Visual Studio Solution File, Format Version 12.00
# Visual Studio Version 17
VisualStudioVersion = 17.9.34714.143
MinimumVisualStudioVersion = 10.0.40219.1
Project("{FAE04EC0-301F-11D3-BF4B-00C04F79EFBC}") = "02-Metodos", "02-Metodos\02-Metodos.csproj", "{788EF8A1-2CA8-42D2-9F1F-E9FE18F1276D}"
EndProject
Global
	GlobalSection(SolutionConfigurationPlatforms) = preSolution
		Debug|Any CPU = Debug|Any CPU
		Release|Any CPU = Release|Any CPU
	EndGlobalSection
	GlobalSection(ProjectConfigurationPlatforms) = postSolution
		{788EF8A1-2CA8-42D2-9F1F-E9FE18F1276D}.Debug|Any CPU.ActiveCfg = Debug|Any CPU
		{788EF8A1-2CA8-42D2-9F1F-E9FE18F1276D}.Debug|Any CPU.Build.0 = Debug|Any CPU
		{788EF8A1-2CA8-42D2-9F1F-E9FE18F1276D}.Release|Any CPU.ActiveCfg = Release|Any CPU
		{788EF8A1-2CA8-42D2-9F1F-E9FE18F1276D}.Release|Any CPU.Build.0 = Release|Any CPU
	EndGlobalSection
	GlobalSection(SolutionProperties) = preSolution
		HideSolutionNode = FALSE
	EndGlobalSection
	GlobalSection(ExtensibilityGlobals) = postSolution
		SolutionGuid = {90F7D042-7DC6-48C5-A4FD-9F3B77453FDA}
	EndGlobalSection
EndGlobal
