
Microsoft Visual Studio Solution File, Format Version 12.00
# Visual Studio Version 17
VisualStudioVersion = 17.9.34714.143
MinimumVisualStudioVersion = 10.0.40219.1
Project("{FAE04EC0-301F-11D3-BF4B-00C04F79EFBC}") = "04-Bucles", "04-Bucles\04-Bucles.csproj", "{D7EC1FAD-9C8D-48B8-963E-B2F07648C9D1}"
EndProject
Global
	GlobalSection(SolutionConfigurationPlatforms) = preSolution
		Debug|Any CPU = Debug|Any CPU
		Release|Any CPU = Release|Any CPU
	EndGlobalSection
	GlobalSection(ProjectConfigurationPlatforms) = postSolution
		{D7EC1FAD-9C8D-48B8-963E-B2F07648C9D1}.Debug|Any CPU.ActiveCfg = Debug|Any CPU
		{D7EC1FAD-9C8D-48B8-963E-B2F07648C9D1}.Debug|Any CPU.Build.0 = Debug|Any CPU
		{D7EC1FAD-9C8D-48B8-963E-B2F07648C9D1}.Release|Any CPU.ActiveCfg = Release|Any CPU
		{D7EC1FAD-9C8D-48B8-963E-B2F07648C9D1}.Release|Any CPU.Build.0 = Release|Any CPU
	EndGlobalSection
	GlobalSection(SolutionProperties) = preSolution
		HideSolutionNode = FALSE
	EndGlobalSection
	GlobalSection(ExtensibilityGlobals) = postSolution
		SolutionGuid = {856566DC-03D9-4E37-8F77-B4028D0FFDCA}
	EndGlobalSection
EndGlobal
